
Microsoft Visual Studio Solution File, Format Version 12.00
# Visual Studio Version 17
VisualStudioVersion = 17.8.34316.72
MinimumVisualStudioVersion = 10.0.40219.1
Project("{FAE04EC0-301F-11D3-BF4B-00C04F79EFBC}") = "podpispdf", "podpispdf.csproj", "{990590B8-A401-427E-A2C1-78506AF6C4D3}"
EndProject
Global
	GlobalSection(SolutionConfigurationPlatforms) = preSolution
		Debug|Any CPU = Debug|Any CPU
		Release|Any CPU = Release|Any CPU
	EndGlobalSection
	GlobalSection(ProjectConfigurationPlatforms) = postSolution
		{990590B8-A401-427E-A2C1-78506AF6C4D3}.Debug|Any CPU.ActiveCfg = Debug|Any CPU
		{990590B8-A401-427E-A2C1-78506AF6C4D3}.Debug|Any CPU.Build.0 = Debug|Any CPU
		{990590B8-A401-427E-A2C1-78506AF6C4D3}.Release|Any CPU.ActiveCfg = Release|Any CPU
		{990590B8-A401-427E-A2C1-78506AF6C4D3}.Release|Any CPU.Build.0 = Release|Any CPU
	EndGlobalSection
	GlobalSection(SolutionProperties) = preSolution
		HideSolutionNode = FALSE
	EndGlobalSection
	GlobalSection(ExtensibilityGlobals) = postSolution
		SolutionGuid = {F22106B3-C704-4229-BC0F-D9D66E2790FF}
	EndGlobalSection
EndGlobal
